# This file was autogenerated by Stack.
# You should not edit this file by hand.
# For more information, please see the documentation at:
#   https://docs.haskellstack.org/en/stable/lock_files

packages:
- completed:
    hackage: haskell-stack-trace-plugin-0.1.3.0@sha256:b7f05707849dda721ed466df769ca9a3fb41de996c9cea1e568af85687489362,2121
    pantry-tree:
      size: 465
      sha256: aadc335cee4b3fceaab0e00db0a2e29447af2015608b431558faa167381e9bd9
  original:
    hackage: haskell-stack-trace-plugin-0.1.3.0@sha256:b7f05707849dda721ed466df769ca9a3fb41de996c9cea1e568af85687489362,2121
snapshots:
- completed:
    size: 586120
    url: https://raw.githubusercontent.com/commercialhaskell/stackage-snapshots/master/lts/18/22.yaml
    sha256: f9970d6f25c63e3e4265aa8e9c69a047ba8919d1107e4996bdd7555b75aad0eb
  original:
    url: https://raw.githubusercontent.com/commercialhaskell/stackage-snapshots/master/lts/18/22.yaml
